
Microsoft Visual Studio Solution File, Format Version 12.00
# Visual Studio Version 17
VisualStudioVersion = 17.5.33627.172
MinimumVisualStudioVersion = 10.0.40219.1
Project("{9A19103F-16F7-4668-BE54-9A1E7A4F7556}") = "CorsExample", "CorsExample\CorsExample.csproj", "{DD12AD8F-5C42-41AB-9F86-C5FA1E414E55}"
EndProject
Project("{9A19103F-16F7-4668-BE54-9A1E7A4F7556}") = "RateLimitingExample", "RateLimitingExample\RateLimitingExample.csproj", "{B23B4B33-AE63-480E-8006-FE034EAE831C}"
EndProject
Project("{9A19103F-16F7-4668-BE54-9A1E7A4F7556}") = "GlobalErrorHandlerExample", "GlobalErrorHandlerExample\GlobalErrorHandlerExample.csproj", "{700A50E8-3996-4D6B-BFEB-2E97F560637C}"
EndProject
Project("{9A19103F-16F7-4668-BE54-9A1E7A4F7556}") = "JwtAuthenticationExample", "JwtAuthenticationExample\JwtAuthenticationExample.csproj", "{2CE1BACF-B2E6-493F-B264-C69391F841EA}"
EndProject
Project("{9A19103F-16F7-4668-BE54-9A1E7A4F7556}") = "SecurityHeadersExample", "SecurityHeadersExample\SecurityHeadersExample.csproj", "{7E272E3D-C644-47AA-B8CF-9D1B52E01DC7}"
EndProject
Project("{FAE04EC0-301F-11D3-BF4B-00C04F79EFBC}") = "HttpClientExample", "HttpClientExample\HttpClientExample.csproj", "{0BDA5B6D-8455-4834-8049-6E171F80ECDB}"
EndProject
Project("{FAE04EC0-301F-11D3-BF4B-00C04F79EFBC}") = "SignalRExample", "SignalRExample\SignalRExample.csproj", "{43AEABD6-F381-41EA-ADF4-39CC406B6960}"
EndProject
Global
	GlobalSection(SolutionConfigurationPlatforms) = preSolution
		Debug|Any CPU = Debug|Any CPU
		Release|Any CPU = Release|Any CPU
	EndGlobalSection
	GlobalSection(ProjectConfigurationPlatforms) = postSolution
		{DD12AD8F-5C42-41AB-9F86-C5FA1E414E55}.Debug|Any CPU.ActiveCfg = Debug|Any CPU
		{DD12AD8F-5C42-41AB-9F86-C5FA1E414E55}.Debug|Any CPU.Build.0 = Debug|Any CPU
		{DD12AD8F-5C42-41AB-9F86-C5FA1E414E55}.Release|Any CPU.ActiveCfg = Release|Any CPU
		{DD12AD8F-5C42-41AB-9F86-C5FA1E414E55}.Release|Any CPU.Build.0 = Release|Any CPU
		{B23B4B33-AE63-480E-8006-FE034EAE831C}.Debug|Any CPU.ActiveCfg = Debug|Any CPU
		{B23B4B33-AE63-480E-8006-FE034EAE831C}.Debug|Any CPU.Build.0 = Debug|Any CPU
		{B23B4B33-AE63-480E-8006-FE034EAE831C}.Release|Any CPU.ActiveCfg = Release|Any CPU
		{B23B4B33-AE63-480E-8006-FE034EAE831C}.Release|Any CPU.Build.0 = Release|Any CPU
		{700A50E8-3996-4D6B-BFEB-2E97F560637C}.Debug|Any CPU.ActiveCfg = Debug|Any CPU
		{700A50E8-3996-4D6B-BFEB-2E97F560637C}.Debug|Any CPU.Build.0 = Debug|Any CPU
		{700A50E8-3996-4D6B-BFEB-2E97F560637C}.Release|Any CPU.ActiveCfg = Release|Any CPU
		{700A50E8-3996-4D6B-BFEB-2E97F560637C}.Release|Any CPU.Build.0 = Release|Any CPU
		{2CE1BACF-B2E6-493F-B264-C69391F841EA}.Debug|Any CPU.ActiveCfg = Debug|Any CPU
		{2CE1BACF-B2E6-493F-B264-C69391F841EA}.Debug|Any CPU.Build.0 = Debug|Any CPU
		{2CE1BACF-B2E6-493F-B264-C69391F841EA}.Release|Any CPU.ActiveCfg = Release|Any CPU
		{2CE1BACF-B2E6-493F-B264-C69391F841EA}.Release|Any CPU.Build.0 = Release|Any CPU
		{7E272E3D-C644-47AA-B8CF-9D1B52E01DC7}.Debug|Any CPU.ActiveCfg = Debug|Any CPU
		{7E272E3D-C644-47AA-B8CF-9D1B52E01DC7}.Debug|Any CPU.Build.0 = Debug|Any CPU
		{7E272E3D-C644-47AA-B8CF-9D1B52E01DC7}.Release|Any CPU.ActiveCfg = Release|Any CPU
		{7E272E3D-C644-47AA-B8CF-9D1B52E01DC7}.Release|Any CPU.Build.0 = Release|Any CPU
		{0BDA5B6D-8455-4834-8049-6E171F80ECDB}.Debug|Any CPU.ActiveCfg = Debug|Any CPU
		{0BDA5B6D-8455-4834-8049-6E171F80ECDB}.Debug|Any CPU.Build.0 = Debug|Any CPU
		{0BDA5B6D-8455-4834-8049-6E171F80ECDB}.Release|Any CPU.ActiveCfg = Release|Any CPU
		{0BDA5B6D-8455-4834-8049-6E171F80ECDB}.Release|Any CPU.Build.0 = Release|Any CPU
		{43AEABD6-F381-41EA-ADF4-39CC406B6960}.Debug|Any CPU.ActiveCfg = Debug|Any CPU
		{43AEABD6-F381-41EA-ADF4-39CC406B6960}.Debug|Any CPU.Build.0 = Debug|Any CPU
		{43AEABD6-F381-41EA-ADF4-39CC406B6960}.Release|Any CPU.ActiveCfg = Release|Any CPU
		{43AEABD6-F381-41EA-ADF4-39CC406B6960}.Release|Any CPU.Build.0 = Release|Any CPU
	EndGlobalSection
	GlobalSection(SolutionProperties) = preSolution
		HideSolutionNode = FALSE
	EndGlobalSection
	GlobalSection(ExtensibilityGlobals) = postSolution
		SolutionGuid = {C57E4B33-8463-488B-A8F5-28641327187E}
	EndGlobalSection
EndGlobal
